// !$*UTF8*$!
{
	archiveVersion = 1;
	classes = {
	};
	objectVersion = 46;
	objects = {

/* Begin PBXBuildFile section */
		257F38B31CF406D60050D382 /* KYSAlertView.h in CopyFiles */ = {isa = PBXBuildFile; fileRef = 257F38B21CF406D60050D382 /* KYSAlertView.h */; };
		257F38B51CF406D60050D382 /* KYSAlertView.m in Sources */ = {isa = PBXBuildFile; fileRef = 257F38B41CF406D60050D382 /* KYSAlertView.m */; };
/* End PBXBuildFile section */

/* Begin PBXCopyFilesBuildPhase section */
		257F38AD1CF406D50050D382 /* CopyFiles */ = {
			isa = PBXCopyFilesBuildPhase;
			buildActionMask = 2147483647;
			dstPath = "include/$(PRODUCT_NAME)";
			dstSubfolderSpec = 16;
			files = (
				257F38B31CF406D60050D382 /* KYSAlertView.h in CopyFiles */,
			);
			runOnlyForDeploymentPostprocessing = 0;
		};
/* End PBXCopyFilesBuildPhase section */

/* Begin PBXFileReference section */
		257F38AF1CF406D50050D382 /* libKYSAlertView.a */ = {isa = PBXFileReference; explicitFileType = archive.ar; includeInIndex = 0; path = libKYSAlertView.a; sourceTree = BUILT_PRODUCTS_DIR; };
		257F38B21CF406D60050D382 /* KYSAlertView.h */ = {isa = PBXFileReference; lastKnownFileType = sourcecode.c.h; path = KYSAlertView.h; sourceTree = "<group>"; };
		257F38B41CF406D60050D382 /* KYSAlertView.m */ = {isa = PBXFileReference; lastKnownFileType = sourcecode.c.objc; path = KYSAlertView.m; sourceTree = "<group>"; };
/* End PBXFileReference section */

/* Begin PBXFrameworksBuildPhase section */
		257F38AC1CF406D50050D382 /* Frameworks */ = {
			isa = PBXFrameworksBuildPhase;
			buildActionMask = 2147483647;
			files = (
			);
			runOnlyForDeploymentPostprocessing = 0;
		};
/* End PBXFrameworksBuildPhase section */

/* Begin PBXGroup section */
		257F38A61CF406D50050D382 = {
			isa = PBXGroup;
			children = (
				257F38B11CF406D60050D382 /* KYSAlertView */,
				257F38B01CF406D50050D382 /* Products */,
			);
			sourceTree = "<group>";
		};
		257F38B01CF406D50050D382 /* Products */ = {
			isa = PBXGroup;
			children = (
				257F38AF1CF406D50050D382 /* libKYSAlertView.a */,
			);
			name = Products;
			sourceTree = "<group>";
		};
		257F38B11CF406D60050D382 /* KYSAlertView */ = {
			isa = PBXGroup;
			children = (
				257F38B21CF406D60050D382 /* KYSAlertView.h */,
				257F38B41CF406D60050D382 /* KYSAlertView.m */,
			);
			path = KYSAlertView;
			sourceTree = "<group>";
		};
/* End PBXGroup section */

/* Begin PBXNativeTarget section */
		257F38AE1CF406D50050D382 /* KYSAlertView */ = {
			isa = PBXNativeTarget;
			buildConfigurationList = 257F38B81CF406D60050D382 /* Build configuration list for PBXNativeTarget "KYSAlertView" */;
			buildPhases = (
				257F38AB1CF406D50050D382 /* Sources */,
				257F38AC1CF406D50050D382 /* Frameworks */,
				257F38AD1CF406D50050D382 /* CopyFiles */,
			);
			buildRules = (
			);
			dependencies = (
			);
			name = KYSAlertView;
			productName = KYSAlertView;
			productReference = 257F38AF1CF406D50050D382 /* libKYSAlertView.a */;
			productType = "com.apple.product-type.library.static";
		};
/* End PBXNativeTarget section */

/* Begin PBXProject section */
		257F38A71CF406D50050D382 /* Project object */ = {
			isa = PBXProject;
			attributes = {
				LastUpgradeCheck = 0730;
				ORGANIZATIONNAME = "Kang YongShuai";
				TargetAttributes = {
					257F38AE1CF406D50050D382 = {
						CreatedOnToolsVersion = 7.3.1;
					};
				};
			};
			buildConfigurationList = 257F38AA1CF406D50050D382 /* Build configuration list for PBXProject "KYSAlertView" */;
			compatibilityVersion = "Xcode 3.2";
			developmentRegion = English;
			hasScannedForEncodings = 0;
			knownRegions = (
				en,
			);
			mainGroup = 257F38A61CF406D50050D382;
			productRefGroup = 257F38B01CF406D50050D382 /* Products */;
			projectDirPath = "";
			projectRoot = "";
			targets = (
				257F38AE1CF406D50050D382 /* KYSAlertView */,
			);
		};
/* End PBXProject section */

/* Begin PBXSourcesBuildPhase section */
		257F38AB1CF406D50050D382 /* Sources */ = {
			isa = PBXSourcesBuildPhase;
			buildActionMask = 2147483647;
			files = (
				257F38B51CF406D60050D382 /* KYSAlertView.m in Sources */,
			);
			runOnlyForDeploymentPostprocessing = 0;
		};
/* End PBXSourcesBuildPhase section */

/* Begin XCBuildConfiguration section */
		257F38B61CF406D60050D382 /* Debug */ = {
			isa = XCBuildConfiguration;
			buildSettings = {
				ALWAYS_SEARCH_USER_PATHS = NO;
				CLANG_ANALYZER_NONNULL = YES;
				CLANG_CXX_LANGUAGE_STANDARD = "gnu++0x";
				CLANG_CXX_LIBRARY = "libc++";
				CLANG_ENABLE_MODULES = YES;
				CLANG_ENABLE_OBJC_ARC = YES;
				CLANG_WARN_BOOL_CONVERSION = YES;
				CLANG_WARN_CONSTANT_CONVERSION = YES;
				CLANG_WARN_DIRECT_OBJC_ISA_USAGE = YES_ERROR;
				CLANG_WARN_EMPTY_BODY = YES;
				CLANG_WARN_ENUM_CONVERSION = YES;
				CLANG_WARN_INT_CONVERSION = YES;
				CLANG_WARN_OBJC_ROOT_CLASS = YES_ERROR;
				CLANG_WARN_UNREACHABLE_CODE = YES;
				CLANG_WARN__DUPLICATE_METHOD_MATCH = YES;
				"CODE_SIGN_IDENTITY[sdk=iphoneos*]" = "iPhone Developer";
				COPY_PHASE_STRIP = NO;
				DEBUG_INFORMATION_FORMAT = dwarf;
				ENABLE_STRICT_OBJC_MSGSEND = YES;
				ENABLE_TESTABILITY = YES;
				GCC_C_LANGUAGE_STANDARD = gnu99;
				GCC_DYNAMIC_NO_PIC = NO;
				GCC_NO_COMMON_BLOCKS = YES;
				GCC_OPTIMIZATION_LEVEL = 0;
				GCC_PREPROCESSOR_DEFINITIONS = (
					"DEBUG=1",
					"$(inherited)",
				);
				GCC_WARN_64_TO_32_BIT_CONVERSION = YES;
				GCC_WARN_ABOUT_RETURN_TYPE = YES_ERROR;
				GCC_WARN_UNDECLARED_SELECTOR = YES;
				GCC_WARN_UNINITIALIZED_AUTOS = YES_AGGRESSIVE;
				GCC_WARN_UNUSED_FUNCTION = YES;
				GCC_WARN_UNUSED_VARIABLE = YES;
				IPHONEOS_DEPLOYMENT_TARGET = 8.0;
				MTL_ENABLE_DEBUG_INFO = YES;
				ONLY_ACTIVE_ARCH = YES;
				SDKROOT = iphoneos;
			};
			name = Debug;
		};
		257F38B71CF406D60050D382 /* Release */ = {
			isa = XCBuildConfiguration;
			buildSettings = {
				ALWAYS_SEARCH_USER_PATHS = NO;
				CLANG_ANALYZER_NONNULL = YES;
				CLANG_CXX_LANGUAGE_STANDARD = "gnu++0x";
				CLANG_CXX_LIBRARY = "libc++";
				CLANG_ENABLE_MODULES = YES;
				CLANG_ENABLE_OBJC_ARC = YES;
				CLANG_WARN_BOOL_CONVERSION = YES;
				CLANG_WARN_CONSTANT_CONVERSION = YES;
				CLANG_WARN_DIRECT_OBJC_ISA_USAGE = YES_ERROR;
				CLANG_WARN_EMPTY_BODY = YES;
				CLANG_WARN_ENUM_CONVERSION = YES;
				CLANG_WARN_INT_CONVERSION = YES;
				CLANG_WARN_OBJC_ROOT_CLASS = YES_ERROR;
				CLANG_WARN_UNREACHABLE_CODE = YES;
				CLANG_WARN__DUPLICATE_METHOD_MATCH = YES;
				"CODE_SIGN_IDENTITY[sdk=iphoneos*]" = "iPhone Developer";
				COPY_PHASE_STRIP = NO;
				DEBUG_INFORMATION_FORMAT = "dwarf-with-dsym";
				ENABLE_NS_ASSERTIONS = NO;
				ENABLE_STRICT_OBJC_MSGSEND = YES;
				GCC_C_LANGUAGE_STANDARD = gnu99;
				GCC_NO_COMMON_BLOCKS = YES;
				GCC_WARN_64_TO_32_BIT_CONVERSION = YES;
				GCC_WARN_ABOUT_RETURN_TYPE = YES_ERROR;
				GCC_WARN_UNDECLARED_SELECTOR = YES;
				GCC_WARN_UNINITIALIZED_AUTOS = YES_AGGRESSIVE;
				GCC_WARN_UNUSED_FUNCTION = YES;
				GCC_WARN_UNUSED_VARIABLE = YES;
				IPHONEOS_DEPLOYMENT_TARGET = 8.0;
				MTL_ENABLE_DEBUG_INFO = NO;
				SDKROOT = iphoneos;
				VALIDATE_PRODUCT = YES;
			};
			name = Release;
		};
		257F38B91CF406D60050D382 /* Debug */ = {
			isa = XCBuildConfiguration;
			buildSettings = {
				OTHER_LDFLAGS = "-ObjC";
				PRODUCT_NAME = "$(TARGET_NAME)";
				SKIP_INSTALL = YES;
			};
			name = Debug;
		};
		257F38BA1CF406D60050D382 /* Release */ = {
			isa = XCBuildConfiguration;
			buildSettings = {
				OTHER_LDFLAGS = "-ObjC";
				PRODUCT_NAME = "$(TARGET_NAME)";
				SKIP_INSTALL = YES;
			};
			name = Release;
		};
/* End XCBuildConfiguration section */

/* Begin XCConfigurationList section */
		257F38AA1CF406D50050D382 /* Build configuration list for PBXProject "KYSAlertView" */ = {
			isa = XCConfigurationList;
			buildConfigurations = (
				257F38B61CF406D60050D382 /* Debug */,
				257F38B71CF406D60050D382 /* Release */,
			);
			defaultConfigurationIsVisible = 0;
			defaultConfigurationName = Release;
		};
		257F38B81CF406D60050D382 /* Build configuration list for PBXNativeTarget "KYSAlertView" */ = {
			isa = XCConfigurationList;
			buildConfigurations = (
				257F38B91CF406D60050D382 /* Debug */,
				257F38BA1CF406D60050D382 /* Release */,
			);
			defaultConfigurationIsVisible = 0;
			defaultConfigurationName = Release;
		};
/* End XCConfigurationList section */
	};
	rootObject = 257F38A71CF406D50050D382 /* Project object */;
}
